{
  "name": "flip",
  "version": "1.0.0",
  "lockfileVersion": 3,
  "requires": true,
  "packages": {
    "": {
      "name": "flip",
      "version": "1.0.0",
      "license": "ISC",
      "dependencies": {
        "number-flip": "^1.1.10"
      }
    },
    "node_modules/gelerator": {
      "version": "3.0.0",
      "resolved": "https://registry.npmjs.org/gelerator/-/gelerator-3.0.0.tgz",
      "integrity": "sha512-OyNvfNn7Odtl/5xUa2mD3hkoltWSm8Fn7Q8uBMDjoUXkodEXO/+CTqC7b4iglcP61P+Fue1AAl2+/rIcqErPzQ=="
    },
    "node_modules/number-flip": {
      "version": "1.1.10",
      "resolved": "https://registry.npmjs.org/number-flip/-/number-flip-1.1.10.tgz",
      "integrity": "sha512-slYANqeXZspH1lGxFL4WMdPtlk5Sgk1rVRTmhJXGaQl23/mT+Mdf9UB56vjhl51Uj7GsM9H50jFkTvh3sKnOXA==",
      "dependencies": {
        "gelerator": "^3.0.0"
      }
    }
  }
}
