{
  "name": "exmaple-5",
  "version": "1.0.0",
  "lockfileVersion": 3,
  "requires": true,
  "packages": {
    "": {
      "name": "exmaple-5",
      "version": "1.0.0",
      "license": "ISC",
      "dependencies": {
        "@lexical/dragon": "0.16.1",
        "@lexical/history": "0.16.1",
        "@lexical/rich-text": "0.16.1",
        "@lexical/utils": "0.16.1",
        "backbone": "^1.6.0",
        "jquery": "^3.7.1",
        "lexical": "^0.16.1",
        "requirejs": "^2.3.6",
        "requirejs-babel": "^0.0.9",
        "underscore": "^1.13.6"
      }
    },
    "node_modules/@lexical/clipboard": {
      "version": "0.16.1",
      "resolved": "https://registry.npmjs.org/@lexical/clipboard/-/clipboard-0.16.1.tgz",
      "integrity": "sha512-0dWs/SwKS5KPpuf6fUVVt9vSCl6HAqcDGhSITw/okv0rrIlXTUT6WhVsMJtXfFxTyVvwMeOecJHvQH3i/jRQtA==",
      "dependencies": {
        "@lexical/html": "0.16.1",
        "@lexical/list": "0.16.1",
        "@lexical/selection": "0.16.1",
        "@lexical/utils": "0.16.1",
        "lexical": "0.16.1"
      }
    },
    "node_modules/@lexical/dragon": {
      "version": "0.16.1",
      "resolved": "https://registry.npmjs.org/@lexical/dragon/-/dragon-0.16.1.tgz",
      "integrity": "sha512-Rvd60GIYN5kpjjBumS34EnNbBaNsoseI0AlzOdtIV302jiHPCLH0noe9kxzu9nZy+MZmjZy8Dx2zTbQT2mueRw==",
      "dependencies": {
        "lexical": "0.16.1"
      }
    },
    "node_modules/@lexical/history": {
      "version": "0.16.1",
      "resolved": "https://registry.npmjs.org/@lexical/history/-/history-0.16.1.tgz",
      "integrity": "sha512-WQhScx0TJeKSQAnEkRpIaWdUXqirrNrom2MxbBUc/32zEUMm9FzV7nRGknvUabEFUo7vZq6xTZpOExQJqHInQA==",
      "dependencies": {
        "@lexical/utils": "0.16.1",
        "lexical": "0.16.1"
      }
    },
    "node_modules/@lexical/html": {
      "version": "0.16.1",
      "resolved": "https://registry.npmjs.org/@lexical/html/-/html-0.16.1.tgz",
      "integrity": "sha512-vbtAdCvQ3PaAqa5mFmtmrvbiAvjCu1iXBAJ0bsHqFXCF2Sba5LwHVe8dUAOTpfEZEMbiHfjul6b5fj4vNPGF2A==",
      "dependencies": {
        "@lexical/selection": "0.16.1",
        "@lexical/utils": "0.16.1",
        "lexical": "0.16.1"
      }
    },
    "node_modules/@lexical/list": {
      "version": "0.16.1",
      "resolved": "https://registry.npmjs.org/@lexical/list/-/list-0.16.1.tgz",
      "integrity": "sha512-i9YhLAh5N6YO9dP+R1SIL9WEdCKeTiQQYVUzj84vDvX5DIBxMPUjTmMn3LXu9T+QO3h1s2L/vJusZASrl45eAw==",
      "dependencies": {
        "@lexical/utils": "0.16.1",
        "lexical": "0.16.1"
      }
    },
    "node_modules/@lexical/rich-text": {
      "version": "0.16.1",
      "resolved": "https://registry.npmjs.org/@lexical/rich-text/-/rich-text-0.16.1.tgz",
      "integrity": "sha512-4uEVXJur7tdSbqbmsToCW4YVm0AMh4y9LK077Yq2O9hSuA5dqpI8UbTDnxZN2D7RfahNvwlqp8eZKFB1yeiJGQ==",
      "dependencies": {
        "@lexical/clipboard": "0.16.1",
        "@lexical/selection": "0.16.1",
        "@lexical/utils": "0.16.1",
        "lexical": "0.16.1"
      }
    },
    "node_modules/@lexical/selection": {
      "version": "0.16.1",
      "resolved": "https://registry.npmjs.org/@lexical/selection/-/selection-0.16.1.tgz",
      "integrity": "sha512-+nK3RvXtyQvQDq7AZ46JpphmM33pwuulwiRfeXR5T9iFQTtgWOEjsAi/KKX7vGm70BxACfiSxy5QCOgBWFwVJg==",
      "dependencies": {
        "lexical": "0.16.1"
      }
    },
    "node_modules/@lexical/table": {
      "version": "0.16.1",
      "resolved": "https://registry.npmjs.org/@lexical/table/-/table-0.16.1.tgz",
      "integrity": "sha512-GWb0/MM1sVXpi1p2HWWOBldZXASMQ4c6WRNYnRmq7J/aB5N66HqQgJGKp3m66Kz4k1JjhmZfPs7F018qIBhnFQ==",
      "dependencies": {
        "@lexical/utils": "0.16.1",
        "lexical": "0.16.1"
      }
    },
    "node_modules/@lexical/utils": {
      "version": "0.16.1",
      "resolved": "https://registry.npmjs.org/@lexical/utils/-/utils-0.16.1.tgz",
      "integrity": "sha512-BVyJxDQi/rIxFTDjf2zE7rMDKSuEaeJ4dybHRa/hRERt85gavGByQawSLeQlTjLaYLVsy+x7wCcqh2fNhlLf0g==",
      "dependencies": {
        "@lexical/list": "0.16.1",
        "@lexical/selection": "0.16.1",
        "@lexical/table": "0.16.1",
        "lexical": "0.16.1"
      }
    },
    "node_modules/backbone": {
      "version": "1.6.0",
      "resolved": "https://registry.npmjs.org/backbone/-/backbone-1.6.0.tgz",
      "integrity": "sha512-13PUjmsgw/49EowNcQvfG4gmczz1ximTMhUktj0Jfrjth0MVaTxehpU+qYYX4MxnuIuhmvBLC6/ayxuAGnOhbA==",
      "dependencies": {
        "underscore": ">=1.8.3"
      }
    },
    "node_modules/jquery": {
      "version": "3.7.1",
      "resolved": "https://registry.npmjs.org/jquery/-/jquery-3.7.1.tgz",
      "integrity": "sha512-m4avr8yL8kmFN8psrbFFFmB/If14iN5o9nw/NgnnM+kybDJpRsAynV2BsfpTYrTRysYUdADVD7CkUUizgkpLfg=="
    },
    "node_modules/lexical": {
      "version": "0.16.1",
      "resolved": "https://registry.npmjs.org/lexical/-/lexical-0.16.1.tgz",
      "integrity": "sha512-+R05d3+N945OY8pTUjTqQrWoApjC+ctzvjnmNETtx9WmVAaiW0tQVG+AYLt5pDGY8dQXtd4RPorvnxBTECt9SA=="
    },
    "node_modules/requirejs": {
      "version": "2.3.6",
      "resolved": "https://registry.npmjs.org/requirejs/-/requirejs-2.3.6.tgz",
      "integrity": "sha512-ipEzlWQe6RK3jkzikgCupiTbTvm4S0/CAU5GlgptkN5SO6F3u0UD0K18wy6ErDqiCyP4J4YYe1HuAShvsxePLg==",
      "bin": {
        "r_js": "bin/r.js",
        "r.js": "bin/r.js"
      },
      "engines": {
        "node": ">=0.4.0"
      }
    },
    "node_modules/requirejs-babel": {
      "version": "0.0.9",
      "resolved": "https://registry.npmjs.org/requirejs-babel/-/requirejs-babel-0.0.9.tgz",
      "integrity": "sha512-xIcFVUKNUmyYoAa/Tp5rBKL4x4XAjA+8P2l7alRASFnwr7nvHs0A8SMuMX3kQuGiVAcESHu/D0x7Vebl4CgnHA=="
    },
    "node_modules/underscore": {
      "version": "1.13.6",
      "resolved": "https://registry.npmjs.org/underscore/-/underscore-1.13.6.tgz",
      "integrity": "sha512-+A5Sja4HP1M08MaXya7p5LvjuM7K6q/2EaC0+iovj/wOcMsTzMvDFbasi/oSapiwOlt252IqsKqPjCl7huKS0A=="
    }
  }
}
